
Microsoft Visual Studio Solution File, Format Version 12.00
# Visual Studio Version 17
VisualStudioVersion = 17.4.33122.133
MinimumVisualStudioVersion = 10.0.40219.1
Project("{9A19103F-16F7-4668-BE54-9A1E7A4F7556}") = "WelspunVessel.Web", "WelspunVessel.Web\WelspunVessel.Web.csproj", "{92442559-D574-47EE-8561-16857D7BECF5}"
	ProjectSection(ProjectDependencies) = postProject
		{323FD625-B23C-442E-B67C-1C2B774FAE3F} = {323FD625-B23C-442E-B67C-1C2B774FAE3F}
		{9DF952F5-D62A-4E59-9C9C-38FA98A5A6A5} = {9DF952F5-D62A-4E59-9C9C-38FA98A5A6A5}
		{AF6E745F-191D-4CF4-841B-97FD311CD2F6} = {AF6E745F-191D-4CF4-841B-97FD311CD2F6}
	EndProjectSection
EndProject
Project("{FAE04EC0-301F-11D3-BF4B-00C04F79EFBC}") = "WelspunVessel.DAL", "WelspunVessel.DAL\WelspunVessel.DAL.csproj", "{323FD625-B23C-442E-B67C-1C2B774FAE3F}"
EndProject
Project("{FAE04EC0-301F-11D3-BF4B-00C04F79EFBC}") = "WelspunVessel.DTO", "WelspunVessel.DTO\WelspunVessel.DTO.csproj", "{9DF952F5-D62A-4E59-9C9C-38FA98A5A6A5}"
EndProject
Project("{FAE04EC0-301F-11D3-BF4B-00C04F79EFBC}") = "WelspunVessel.Util", "WelspunVessel.Util\WelspunVessel.Util.csproj", "{AF6E745F-191D-4CF4-841B-97FD311CD2F6}"
EndProject
Project("{9A19103F-16F7-4668-BE54-9A1E7A4F7556}") = "WelspunVessel.WebAPI", "WelspunVessel.WebAPI\WelspunVessel.WebAPI.csproj", "{A11ACD2B-BE30-4389-90F8-0DFB1E0A7935}"
	ProjectSection(ProjectDependencies) = postProject
		{323FD625-B23C-442E-B67C-1C2B774FAE3F} = {323FD625-B23C-442E-B67C-1C2B774FAE3F}
	EndProjectSection
EndProject
Global
	GlobalSection(SolutionConfigurationPlatforms) = preSolution
		Debug|Any CPU = Debug|Any CPU
		Release|Any CPU = Release|Any CPU
	EndGlobalSection
	GlobalSection(ProjectConfigurationPlatforms) = postSolution
		{92442559-D574-47EE-8561-16857D7BECF5}.Debug|Any CPU.ActiveCfg = Debug|Any CPU
		{92442559-D574-47EE-8561-16857D7BECF5}.Debug|Any CPU.Build.0 = Debug|Any CPU
		{92442559-D574-47EE-8561-16857D7BECF5}.Release|Any CPU.ActiveCfg = Release|Any CPU
		{92442559-D574-47EE-8561-16857D7BECF5}.Release|Any CPU.Build.0 = Release|Any CPU
		{323FD625-B23C-442E-B67C-1C2B774FAE3F}.Debug|Any CPU.ActiveCfg = Debug|Any CPU
		{323FD625-B23C-442E-B67C-1C2B774FAE3F}.Debug|Any CPU.Build.0 = Debug|Any CPU
		{323FD625-B23C-442E-B67C-1C2B774FAE3F}.Release|Any CPU.ActiveCfg = Release|Any CPU
		{323FD625-B23C-442E-B67C-1C2B774FAE3F}.Release|Any CPU.Build.0 = Release|Any CPU
		{9DF952F5-D62A-4E59-9C9C-38FA98A5A6A5}.Debug|Any CPU.ActiveCfg = Debug|Any CPU
		{9DF952F5-D62A-4E59-9C9C-38FA98A5A6A5}.Debug|Any CPU.Build.0 = Debug|Any CPU
		{9DF952F5-D62A-4E59-9C9C-38FA98A5A6A5}.Release|Any CPU.ActiveCfg = Release|Any CPU
		{9DF952F5-D62A-4E59-9C9C-38FA98A5A6A5}.Release|Any CPU.Build.0 = Release|Any CPU
		{AF6E745F-191D-4CF4-841B-97FD311CD2F6}.Debug|Any CPU.ActiveCfg = Debug|Any CPU
		{AF6E745F-191D-4CF4-841B-97FD311CD2F6}.Debug|Any CPU.Build.0 = Debug|Any CPU
		{AF6E745F-191D-4CF4-841B-97FD311CD2F6}.Release|Any CPU.ActiveCfg = Release|Any CPU
		{AF6E745F-191D-4CF4-841B-97FD311CD2F6}.Release|Any CPU.Build.0 = Release|Any CPU
		{A11ACD2B-BE30-4389-90F8-0DFB1E0A7935}.Debug|Any CPU.ActiveCfg = Debug|Any CPU
		{A11ACD2B-BE30-4389-90F8-0DFB1E0A7935}.Debug|Any CPU.Build.0 = Debug|Any CPU
		{A11ACD2B-BE30-4389-90F8-0DFB1E0A7935}.Release|Any CPU.ActiveCfg = Release|Any CPU
		{A11ACD2B-BE30-4389-90F8-0DFB1E0A7935}.Release|Any CPU.Build.0 = Release|Any CPU
	EndGlobalSection
	GlobalSection(SolutionProperties) = preSolution
		HideSolutionNode = FALSE
	EndGlobalSection
	GlobalSection(ExtensibilityGlobals) = postSolution
		SolutionGuid = {53F071C2-A0FB-42EE-B855-84BC3F6A945A}
	EndGlobalSection
EndGlobal
